
Microsoft Visual Studio Solution File, Format Version 12.00
# Visual Studio Version 17
VisualStudioVersion = 17.14.36518.9 d17.14
MinimumVisualStudioVersion = 10.0.40219.1
Project("{FAE04EC0-301F-11D3-BF4B-00C04F79EFBC}") = "Try catch", "Try catch\Try catch.csproj", "{4EF7CA74-A53F-420C-A203-BEC45274C0D4}"
EndProject
Global
	GlobalSection(SolutionConfigurationPlatforms) = preSolution
		Debug|Any CPU = Debug|Any CPU
		Release|Any CPU = Release|Any CPU
	EndGlobalSection
	GlobalSection(ProjectConfigurationPlatforms) = postSolution
		{4EF7CA74-A53F-420C-A203-BEC45274C0D4}.Debug|Any CPU.ActiveCfg = Debug|Any CPU
		{4EF7CA74-A53F-420C-A203-BEC45274C0D4}.Debug|Any CPU.Build.0 = Debug|Any CPU
		{4EF7CA74-A53F-420C-A203-BEC45274C0D4}.Release|Any CPU.ActiveCfg = Release|Any CPU
		{4EF7CA74-A53F-420C-A203-BEC45274C0D4}.Release|Any CPU.Build.0 = Release|Any CPU
	EndGlobalSection
	GlobalSection(SolutionProperties) = preSolution
		HideSolutionNode = FALSE
	EndGlobalSection
	GlobalSection(ExtensibilityGlobals) = postSolution
		SolutionGuid = {1212098B-439D-4955-BB0D-6967EB8A8F20}
	EndGlobalSection
EndGlobal
